
Microsoft Visual Studio Solution File, Format Version 12.00
# Visual Studio Version 16
VisualStudioVersion = 16.0.30406.217
MinimumVisualStudioVersion = 10.0.40219.1
Project("{FAE04EC0-301F-11D3-BF4B-00C04F79EFBC}") = "TulisanBerjalan", "TulisanBerjalan\TulisanBerjalan.csproj", "{9261794E-A497-45BA-8192-F1FEFE0AEB7E}"
EndProject
Global
	GlobalSection(SolutionConfigurationPlatforms) = preSolution
		Debug|Any CPU = Debug|Any CPU
		Release|Any CPU = Release|Any CPU
	EndGlobalSection
	GlobalSection(ProjectConfigurationPlatforms) = postSolution
		{9261794E-A497-45BA-8192-F1FEFE0AEB7E}.Debug|Any CPU.ActiveCfg = Debug|Any CPU
		{9261794E-A497-45BA-8192-F1FEFE0AEB7E}.Debug|Any CPU.Build.0 = Debug|Any CPU
		{9261794E-A497-45BA-8192-F1FEFE0AEB7E}.Release|Any CPU.ActiveCfg = Release|Any CPU
		{9261794E-A497-45BA-8192-F1FEFE0AEB7E}.Release|Any CPU.Build.0 = Release|Any CPU
	EndGlobalSection
	GlobalSection(SolutionProperties) = preSolution
		HideSolutionNode = FALSE
	EndGlobalSection
	GlobalSection(ExtensibilityGlobals) = postSolution
		SolutionGuid = {A15A7270-E948-4DCC-B516-D2CD8FF29CAE}
	EndGlobalSection
EndGlobal
